// !$*UTF8*$!
{
	archiveVersion = 1;
	classes = {
	};
	objectVersion = 55;
	objects = {

/* Begin PBXBuildFile section */
		887D80E42C5DE86F00B4228F /* CategoryDBE+CoreDataClass.swift in Sources */ = {isa = PBXBuildFile; fileRef = 887D80DE2C5DE86F00B4228F /* CategoryDBE+CoreDataClass.swift */; };
		887D80E52C5DE86F00B4228F /* CategoryDBE+CoreDataProperties.swift in Sources */ = {isa = PBXBuildFile; fileRef = 887D80DF2C5DE86F00B4228F /* CategoryDBE+CoreDataProperties.swift */; };
		887D80E82C5DE86F00B4228F /* QuestionsDBE+CoreDataClass.swift in Sources */ = {isa = PBXBuildFile; fileRef = 887D80E22C5DE86F00B4228F /* QuestionsDBE+CoreDataClass.swift */; };
		887D80E92C5DE86F00B4228F /* QuestionsDBE+CoreDataProperties.swift in Sources */ = {isa = PBXBuildFile; fileRef = 887D80E32C5DE86F00B4228F /* QuestionsDBE+CoreDataProperties.swift */; };
		887D80EB2C5DE98100B4228F /* CategoryDetials.swift in Sources */ = {isa = PBXBuildFile; fileRef = 887D80EA2C5DE98100B4228F /* CategoryDetials.swift */; };
		887D80ED2C5E0C8500B4228F /* QuestionDetails.swift in Sources */ = {isa = PBXBuildFile; fileRef = 887D80EC2C5E0C8500B4228F /* QuestionDetails.swift */; };
		887D80EF2C5E22D700B4228F /* ChoiceAnsDetails.swift in Sources */ = {isa = PBXBuildFile; fileRef = 887D80EE2C5E22D700B4228F /* ChoiceAnsDetails.swift */; };
		887D80F22C5E5EC200B4228F /* ChoiceAnsDBE+CoreDataClass.swift in Sources */ = {isa = PBXBuildFile; fileRef = 887D80F02C5E5EC200B4228F /* ChoiceAnsDBE+CoreDataClass.swift */; };
		887D80F32C5E5EC200B4228F /* ChoiceAnsDBE+CoreDataProperties.swift in Sources */ = {isa = PBXBuildFile; fileRef = 887D80F12C5E5EC200B4228F /* ChoiceAnsDBE+CoreDataProperties.swift */; };
		88CAE3A92C5D1EBE009D7DF8 /* EndSectionViewController.swift in Sources */ = {isa = PBXBuildFile; fileRef = 88CAE3A82C5D1EBD009D7DF8 /* EndSectionViewController.swift */; };
		88D7DF442C5C993F00A3B706 /* AppDelegate.swift in Sources */ = {isa = PBXBuildFile; fileRef = 88D7DF432C5C993F00A3B706 /* AppDelegate.swift */; };
		88D7DF462C5C993F00A3B706 /* SceneDelegate.swift in Sources */ = {isa = PBXBuildFile; fileRef = 88D7DF452C5C993F00A3B706 /* SceneDelegate.swift */; };
		88D7DF482C5C993F00A3B706 /* ViewController.swift in Sources */ = {isa = PBXBuildFile; fileRef = 88D7DF472C5C993F00A3B706 /* ViewController.swift */; };
		88D7DF4B2C5C993F00A3B706 /* Main.storyboard in Resources */ = {isa = PBXBuildFile; fileRef = 88D7DF492C5C993F00A3B706 /* Main.storyboard */; };
		88D7DF4E2C5C993F00A3B706 /* TendableTest2.xcdatamodeld in Sources */ = {isa = PBXBuildFile; fileRef = 88D7DF4C2C5C993F00A3B706 /* TendableTest2.xcdatamodeld */; };
		88D7DF502C5C994200A3B706 /* Assets.xcassets in Resources */ = {isa = PBXBuildFile; fileRef = 88D7DF4F2C5C994200A3B706 /* Assets.xcassets */; };
		88D7DF532C5C994200A3B706 /* LaunchScreen.storyboard in Resources */ = {isa = PBXBuildFile; fileRef = 88D7DF512C5C994200A3B706 /* LaunchScreen.storyboard */; };
		88D7DF5D2C5C9A7F00A3B706 /* Constant.swift in Sources */ = {isa = PBXBuildFile; fileRef = 88D7DF5C2C5C9A7E00A3B706 /* Constant.swift */; };
		88D7DF612C5C9B2C00A3B706 /* RegisterViewController.swift in Sources */ = {isa = PBXBuildFile; fileRef = 88D7DF602C5C9B2C00A3B706 /* RegisterViewController.swift */; };
		88D7DF642C5C9DF300A3B706 /* APIRequestURLSession.swift in Sources */ = {isa = PBXBuildFile; fileRef = 88D7DF632C5C9DF300A3B706 /* APIRequestURLSession.swift */; };
		88D7DF662C5C9E0F00A3B706 /* ErrorMessage.swift in Sources */ = {isa = PBXBuildFile; fileRef = 88D7DF652C5C9E0F00A3B706 /* ErrorMessage.swift */; };
		88EB06A82C5CA49A003DFFA2 /* SuccessModel.swift in Sources */ = {isa = PBXBuildFile; fileRef = 88EB06A72C5CA49A003DFFA2 /* SuccessModel.swift */; };
		88EB06AA2C5CAAC8003DFFA2 /* LoginViewModel.swift in Sources */ = {isa = PBXBuildFile; fileRef = 88EB06A92C5CAAC8003DFFA2 /* LoginViewModel.swift */; };
		88EB06AD2C5CC026003DFFA2 /* StartSessionViewController.swift in Sources */ = {isa = PBXBuildFile; fileRef = 88EB06AC2C5CC026003DFFA2 /* StartSessionViewController.swift */; };
		88EB06AF2C5CD1C3003DFFA2 /* StartSectionViewModel.swift in Sources */ = {isa = PBXBuildFile; fileRef = 88EB06AE2C5CD1C3003DFFA2 /* StartSectionViewModel.swift */; };
		88EB06B22C5CD1EB003DFFA2 /* StartSectionView.swift in Sources */ = {isa = PBXBuildFile; fileRef = 88EB06B12C5CD1EB003DFFA2 /* StartSectionView.swift */; };
		88EB06B52C5CDBD0003DFFA2 /* CategoryListViewController.swift in Sources */ = {isa = PBXBuildFile; fileRef = 88EB06B42C5CDBD0003DFFA2 /* CategoryListViewController.swift */; };
		88EB06B72C5CDC29003DFFA2 /* CategoryListTableViewCell.swift in Sources */ = {isa = PBXBuildFile; fileRef = 88EB06B62C5CDC29003DFFA2 /* CategoryListTableViewCell.swift */; };
		88EB06B92C5CDE0D003DFFA2 /* CategoryListViewModel.swift in Sources */ = {isa = PBXBuildFile; fileRef = 88EB06B82C5CDE0D003DFFA2 /* CategoryListViewModel.swift */; };
		88EB06BB2C5CDE29003DFFA2 /* CategoryListModel.swift in Sources */ = {isa = PBXBuildFile; fileRef = 88EB06BA2C5CDE29003DFFA2 /* CategoryListModel.swift */; };
		88EB06BE2C5CE6D0003DFFA2 /* QuationAndAnsViewController.swift in Sources */ = {isa = PBXBuildFile; fileRef = 88EB06BD2C5CE6D0003DFFA2 /* QuationAndAnsViewController.swift */; };
		88EB06C02C5CE6F8003DFFA2 /* QuestionAndAnsTableViewCell.swift in Sources */ = {isa = PBXBuildFile; fileRef = 88EB06BF2C5CE6F8003DFFA2 /* QuestionAndAnsTableViewCell.swift */; };
		88EB06C22C5CE725003DFFA2 /* QuastionAndAnsViewModel.swift in Sources */ = {isa = PBXBuildFile; fileRef = 88EB06C12C5CE725003DFFA2 /* QuastionAndAnsViewModel.swift */; };
		88EB06C42C5CE73C003DFFA2 /* QuestionAndAnsModel.swift in Sources */ = {isa = PBXBuildFile; fileRef = 88EB06C32C5CE73C003DFFA2 /* QuestionAndAnsModel.swift */; };
/* End PBXBuildFile section */

/* Begin PBXFileReference section */
		887D80DE2C5DE86F00B4228F /* CategoryDBE+CoreDataClass.swift */ = {isa = PBXFileReference; lastKnownFileType = sourcecode.swift; path = "CategoryDBE+CoreDataClass.swift"; sourceTree = "<group>"; };
		887D80DF2C5DE86F00B4228F /* CategoryDBE+CoreDataProperties.swift */ = {isa = PBXFileReference; lastKnownFileType = sourcecode.swift; path = "CategoryDBE+CoreDataProperties.swift"; sourceTree = "<group>"; };
		887D80E22C5DE86F00B4228F /* QuestionsDBE+CoreDataClass.swift */ = {isa = PBXFileReference; lastKnownFileType = sourcecode.swift; path = "QuestionsDBE+CoreDataClass.swift"; sourceTree = "<group>"; };
		887D80E32C5DE86F00B4228F /* QuestionsDBE+CoreDataProperties.swift */ = {isa = PBXFileReference; lastKnownFileType = sourcecode.swift; path = "QuestionsDBE+CoreDataProperties.swift"; sourceTree = "<group>"; };
		887D80EA2C5DE98100B4228F /* CategoryDetials.swift */ = {isa = PBXFileReference; lastKnownFileType = sourcecode.swift; path = CategoryDetials.swift; sourceTree = "<group>"; };
		887D80EC2C5E0C8500B4228F /* QuestionDetails.swift */ = {isa = PBXFileReference; lastKnownFileType = sourcecode.swift; path = QuestionDetails.swift; sourceTree = "<group>"; };
		887D80EE2C5E22D700B4228F /* ChoiceAnsDetails.swift */ = {isa = PBXFileReference; lastKnownFileType = sourcecode.swift; path = ChoiceAnsDetails.swift; sourceTree = "<group>"; };
		887D80F02C5E5EC200B4228F /* ChoiceAnsDBE+CoreDataClass.swift */ = {isa = PBXFileReference; lastKnownFileType = sourcecode.swift; path = "ChoiceAnsDBE+CoreDataClass.swift"; sourceTree = "<group>"; };
		887D80F12C5E5EC200B4228F /* ChoiceAnsDBE+CoreDataProperties.swift */ = {isa = PBXFileReference; lastKnownFileType = sourcecode.swift; path = "ChoiceAnsDBE+CoreDataProperties.swift"; sourceTree = "<group>"; };
		88CAE3A82C5D1EBD009D7DF8 /* EndSectionViewController.swift */ = {isa = PBXFileReference; lastKnownFileType = sourcecode.swift; path = EndSectionViewController.swift; sourceTree = "<group>"; };
		88D7DF402C5C993F00A3B706 /* TendableTest2.app */ = {isa = PBXFileReference; explicitFileType = wrapper.application; includeInIndex = 0; path = TendableTest2.app; sourceTree = BUILT_PRODUCTS_DIR; };
		88D7DF432C5C993F00A3B706 /* AppDelegate.swift */ = {isa = PBXFileReference; lastKnownFileType = sourcecode.swift; path = AppDelegate.swift; sourceTree = "<group>"; };
		88D7DF452C5C993F00A3B706 /* SceneDelegate.swift */ = {isa = PBXFileReference; lastKnownFileType = sourcecode.swift; path = SceneDelegate.swift; sourceTree = "<group>"; };
		88D7DF472C5C993F00A3B706 /* ViewController.swift */ = {isa = PBXFileReference; lastKnownFileType = sourcecode.swift; path = ViewController.swift; sourceTree = "<group>"; };
		88D7DF4A2C5C993F00A3B706 /* Base */ = {isa = PBXFileReference; lastKnownFileType = file.storyboard; name = Base; path = Base.lproj/Main.storyboard; sourceTree = "<group>"; };
		88D7DF4D2C5C993F00A3B706 /* TendableTest2.xcdatamodel */ = {isa = PBXFileReference; lastKnownFileType = wrapper.xcdatamodel; path = TendableTest2.xcdatamodel; sourceTree = "<group>"; };
		88D7DF4F2C5C994200A3B706 /* Assets.xcassets */ = {isa = PBXFileReference; lastKnownFileType = folder.assetcatalog; path = Assets.xcassets; sourceTree = "<group>"; };
		88D7DF522C5C994200A3B706 /* Base */ = {isa = PBXFileReference; lastKnownFileType = file.storyboard; name = Base; path = Base.lproj/LaunchScreen.storyboard; sourceTree = "<group>"; };
		88D7DF542C5C994200A3B706 /* Info.plist */ = {isa = PBXFileReference; lastKnownFileType = text.plist.xml; path = Info.plist; sourceTree = "<group>"; };
		88D7DF5C2C5C9A7E00A3B706 /* Constant.swift */ = {isa = PBXFileReference; fileEncoding = 4; lastKnownFileType = sourcecode.swift; path = Constant.swift; sourceTree = "<group>"; };
		88D7DF602C5C9B2C00A3B706 /* RegisterViewController.swift */ = {isa = PBXFileReference; fileEncoding = 4; lastKnownFileType = sourcecode.swift; path = RegisterViewController.swift; sourceTree = "<group>"; };
		88D7DF632C5C9DF300A3B706 /* APIRequestURLSession.swift */ = {isa = PBXFileReference; fileEncoding = 4; lastKnownFileType = sourcecode.swift; path = APIRequestURLSession.swift; sourceTree = "<group>"; };
		88D7DF652C5C9E0F00A3B706 /* ErrorMessage.swift */ = {isa = PBXFileReference; fileEncoding = 4; lastKnownFileType = sourcecode.swift; path = ErrorMessage.swift; sourceTree = "<group>"; };
		88EB06A72C5CA49A003DFFA2 /* SuccessModel.swift */ = {isa = PBXFileReference; lastKnownFileType = sourcecode.swift; path = SuccessModel.swift; sourceTree = "<group>"; };
		88EB06A92C5CAAC8003DFFA2 /* LoginViewModel.swift */ = {isa = PBXFileReference; lastKnownFileType = sourcecode.swift; path = LoginViewModel.swift; sourceTree = "<group>"; };
		88EB06AC2C5CC026003DFFA2 /* StartSessionViewController.swift */ = {isa = PBXFileReference; lastKnownFileType = sourcecode.swift; path = StartSessionViewController.swift; sourceTree = "<group>"; };
		88EB06AE2C5CD1C3003DFFA2 /* StartSectionViewModel.swift */ = {isa = PBXFileReference; lastKnownFileType = sourcecode.swift; path = StartSectionViewModel.swift; sourceTree = "<group>"; };
		88EB06B12C5CD1EB003DFFA2 /* StartSectionView.swift */ = {isa = PBXFileReference; lastKnownFileType = sourcecode.swift; path = StartSectionView.swift; sourceTree = "<group>"; };
		88EB06B42C5CDBD0003DFFA2 /* CategoryListViewController.swift */ = {isa = PBXFileReference; lastKnownFileType = sourcecode.swift; path = CategoryListViewController.swift; sourceTree = "<group>"; };
		88EB06B62C5CDC29003DFFA2 /* CategoryListTableViewCell.swift */ = {isa = PBXFileReference; lastKnownFileType = sourcecode.swift; path = CategoryListTableViewCell.swift; sourceTree = "<group>"; };
		88EB06B82C5CDE0D003DFFA2 /* CategoryListViewModel.swift */ = {isa = PBXFileReference; lastKnownFileType = sourcecode.swift; path = CategoryListViewModel.swift; sourceTree = "<group>"; };
		88EB06BA2C5CDE29003DFFA2 /* CategoryListModel.swift */ = {isa = PBXFileReference; lastKnownFileType = sourcecode.swift; path = CategoryListModel.swift; sourceTree = "<group>"; };
		88EB06BD2C5CE6D0003DFFA2 /* QuationAndAnsViewController.swift */ = {isa = PBXFileReference; lastKnownFileType = sourcecode.swift; path = QuationAndAnsViewController.swift; sourceTree = "<group>"; };
		88EB06BF2C5CE6F8003DFFA2 /* QuestionAndAnsTableViewCell.swift */ = {isa = PBXFileReference; lastKnownFileType = sourcecode.swift; path = QuestionAndAnsTableViewCell.swift; sourceTree = "<group>"; };
		88EB06C12C5CE725003DFFA2 /* QuastionAndAnsViewModel.swift */ = {isa = PBXFileReference; lastKnownFileType = sourcecode.swift; path = QuastionAndAnsViewModel.swift; sourceTree = "<group>"; };
		88EB06C32C5CE73C003DFFA2 /* QuestionAndAnsModel.swift */ = {isa = PBXFileReference; lastKnownFileType = sourcecode.swift; path = QuestionAndAnsModel.swift; sourceTree = "<group>"; };
/* End PBXFileReference section */

/* Begin PBXFrameworksBuildPhase section */
		88D7DF3D2C5C993F00A3B706 /* Frameworks */ = {
			isa = PBXFrameworksBuildPhase;
			buildActionMask = 2147483647;
			files = (
			);
			runOnlyForDeploymentPostprocessing = 0;
		};
/* End PBXFrameworksBuildPhase section */

/* Begin PBXGroup section */
		887D80DD2C5DE84700B4228F /* DBFiles */ = {
			isa = PBXGroup;
			children = (
				887D80DE2C5DE86F00B4228F /* CategoryDBE+CoreDataClass.swift */,
				887D80DF2C5DE86F00B4228F /* CategoryDBE+CoreDataProperties.swift */,
				887D80EA2C5DE98100B4228F /* CategoryDetials.swift */,
				887D80F02C5E5EC200B4228F /* ChoiceAnsDBE+CoreDataClass.swift */,
				887D80F12C5E5EC200B4228F /* ChoiceAnsDBE+CoreDataProperties.swift */,
				887D80EE2C5E22D700B4228F /* ChoiceAnsDetails.swift */,
				887D80E22C5DE86F00B4228F /* QuestionsDBE+CoreDataClass.swift */,
				887D80E32C5DE86F00B4228F /* QuestionsDBE+CoreDataProperties.swift */,
				887D80EC2C5E0C8500B4228F /* QuestionDetails.swift */,
			);
			path = DBFiles;
			sourceTree = "<group>";
		};
		88D7DF372C5C993F00A3B706 = {
			isa = PBXGroup;
			children = (
				88D7DF422C5C993F00A3B706 /* TendableTest2 */,
				88D7DF412C5C993F00A3B706 /* Products */,
			);
			sourceTree = "<group>";
		};
		88D7DF412C5C993F00A3B706 /* Products */ = {
			isa = PBXGroup;
			children = (
				88D7DF402C5C993F00A3B706 /* TendableTest2.app */,
			);
			name = Products;
			sourceTree = "<group>";
		};
		88D7DF422C5C993F00A3B706 /* TendableTest2 */ = {
			isa = PBXGroup;
			children = (
				88D7DF432C5C993F00A3B706 /* AppDelegate.swift */,
				88D7DF5C2C5C9A7E00A3B706 /* Constant.swift */,
				88D7DF452C5C993F00A3B706 /* SceneDelegate.swift */,
				88EB06A72C5CA49A003DFFA2 /* SuccessModel.swift */,
				88EB06A92C5CAAC8003DFFA2 /* LoginViewModel.swift */,
				88D7DF472C5C993F00A3B706 /* ViewController.swift */,
				887D80DD2C5DE84700B4228F /* DBFiles */,
				88D7DF622C5C9DC900A3B706 /* APIRequest */,
				88D7DF5E2C5C9AED00A3B706 /* ViewController */,
				88D7DF492C5C993F00A3B706 /* Main.storyboard */,
				88D7DF4F2C5C994200A3B706 /* Assets.xcassets */,
				88D7DF512C5C994200A3B706 /* LaunchScreen.storyboard */,
				88D7DF542C5C994200A3B706 /* Info.plist */,
				88D7DF4C2C5C993F00A3B706 /* TendableTest2.xcdatamodeld */,
			);
			path = TendableTest2;
			sourceTree = "<group>";
		};
		88D7DF5E2C5C9AED00A3B706 /* ViewController */ = {
			isa = PBXGroup;
			children = (
				88D7DF5F2C5C9AFF00A3B706 /* RegisterViewController */,
				88EB06AB2C5CBFE3003DFFA2 /* StartSession */,
				88EB06B32C5CDB8B003DFFA2 /* Category */,
				88EB06BC2C5CE691003DFFA2 /* QuestionAndAns */,
				88EB06C52C5D1CB6003DFFA2 /* EndSection */,
			);
			path = ViewController;
			sourceTree = "<group>";
		};
		88D7DF5F2C5C9AFF00A3B706 /* RegisterViewController */ = {
			isa = PBXGroup;
			children = (
				88D7DF602C5C9B2C00A3B706 /* RegisterViewController.swift */,
			);
			path = RegisterViewController;
			sourceTree = "<group>";
		};
		88D7DF622C5C9DC900A3B706 /* APIRequest */ = {
			isa = PBXGroup;
			children = (
				88D7DF632C5C9DF300A3B706 /* APIRequestURLSession.swift */,
				88D7DF652C5C9E0F00A3B706 /* ErrorMessage.swift */,
			);
			path = APIRequest;
			sourceTree = "<group>";
		};
		88EB06AB2C5CBFE3003DFFA2 /* StartSession */ = {
			isa = PBXGroup;
			children = (
				88EB06B12C5CD1EB003DFFA2 /* StartSectionView.swift */,
				88EB06AE2C5CD1C3003DFFA2 /* StartSectionViewModel.swift */,
				88EB06AC2C5CC026003DFFA2 /* StartSessionViewController.swift */,
			);
			path = StartSession;
			sourceTree = "<group>";
		};
		88EB06B32C5CDB8B003DFFA2 /* Category */ = {
			isa = PBXGroup;
			children = (
				88EB06BA2C5CDE29003DFFA2 /* CategoryListModel.swift */,
				88EB06B82C5CDE0D003DFFA2 /* CategoryListViewModel.swift */,
				88EB06B62C5CDC29003DFFA2 /* CategoryListTableViewCell.swift */,
				88EB06B42C5CDBD0003DFFA2 /* CategoryListViewController.swift */,
			);
			path = Category;
			sourceTree = "<group>";
		};
		88EB06BC2C5CE691003DFFA2 /* QuestionAndAns */ = {
			isa = PBXGroup;
			children = (
				88EB06C32C5CE73C003DFFA2 /* QuestionAndAnsModel.swift */,
				88EB06C12C5CE725003DFFA2 /* QuastionAndAnsViewModel.swift */,
				88EB06BD2C5CE6D0003DFFA2 /* QuationAndAnsViewController.swift */,
				88EB06BF2C5CE6F8003DFFA2 /* QuestionAndAnsTableViewCell.swift */,
			);
			path = QuestionAndAns;
			sourceTree = "<group>";
		};
		88EB06C52C5D1CB6003DFFA2 /* EndSection */ = {
			isa = PBXGroup;
			children = (
				88CAE3A82C5D1EBD009D7DF8 /* EndSectionViewController.swift */,
			);
			path = EndSection;
			sourceTree = "<group>";
		};
/* End PBXGroup section */

/* Begin PBXNativeTarget section */
		88D7DF3F2C5C993F00A3B706 /* TendableTest2 */ = {
			isa = PBXNativeTarget;
			buildConfigurationList = 88D7DF572C5C994200A3B706 /* Build configuration list for PBXNativeTarget "TendableTest2" */;
			buildPhases = (
				88D7DF3C2C5C993F00A3B706 /* Sources */,
				88D7DF3D2C5C993F00A3B706 /* Frameworks */,
				88D7DF3E2C5C993F00A3B706 /* Resources */,
			);
			buildRules = (
			);
			dependencies = (
			);
			name = TendableTest2;
			productName = TendableTest2;
			productReference = 88D7DF402C5C993F00A3B706 /* TendableTest2.app */;
			productType = "com.apple.product-type.application";
		};
/* End PBXNativeTarget section */

/* Begin PBXProject section */
		88D7DF382C5C993F00A3B706 /* Project object */ = {
			isa = PBXProject;
			attributes = {
				BuildIndependentTargetsInParallel = 1;
				LastSwiftUpdateCheck = 1340;
				LastUpgradeCheck = 1340;
				TargetAttributes = {
					88D7DF3F2C5C993F00A3B706 = {
						CreatedOnToolsVersion = 13.4.1;
					};
				};
			};
			buildConfigurationList = 88D7DF3B2C5C993F00A3B706 /* Build configuration list for PBXProject "TendableTest2" */;
			compatibilityVersion = "Xcode 13.0";
			developmentRegion = en;
			hasScannedForEncodings = 0;
			knownRegions = (
				en,
				Base,
			);
			mainGroup = 88D7DF372C5C993F00A3B706;
			productRefGroup = 88D7DF412C5C993F00A3B706 /* Products */;
			projectDirPath = "";
			projectRoot = "";
			targets = (
				88D7DF3F2C5C993F00A3B706 /* TendableTest2 */,
			);
		};
/* End PBXProject section */

/* Begin PBXResourcesBuildPhase section */
		88D7DF3E2C5C993F00A3B706 /* Resources */ = {
			isa = PBXResourcesBuildPhase;
			buildActionMask = 2147483647;
			files = (
				88D7DF532C5C994200A3B706 /* LaunchScreen.storyboard in Resources */,
				88D7DF502C5C994200A3B706 /* Assets.xcassets in Resources */,
				88D7DF4B2C5C993F00A3B706 /* Main.storyboard in Resources */,
			);
			runOnlyForDeploymentPostprocessing = 0;
		};
/* End PBXResourcesBuildPhase section */

/* Begin PBXSourcesBuildPhase section */
		88D7DF3C2C5C993F00A3B706 /* Sources */ = {
			isa = PBXSourcesBuildPhase;
			buildActionMask = 2147483647;
			files = (
				88EB06AD2C5CC026003DFFA2 /* StartSessionViewController.swift in Sources */,
				88EB06BB2C5CDE29003DFFA2 /* CategoryListModel.swift in Sources */,
				88EB06AF2C5CD1C3003DFFA2 /* StartSectionViewModel.swift in Sources */,
				88EB06B72C5CDC29003DFFA2 /* CategoryListTableViewCell.swift in Sources */,
				88D7DF642C5C9DF300A3B706 /* APIRequestURLSession.swift in Sources */,
				887D80E92C5DE86F00B4228F /* QuestionsDBE+CoreDataProperties.swift in Sources */,
				887D80E42C5DE86F00B4228F /* CategoryDBE+CoreDataClass.swift in Sources */,
				88D7DF482C5C993F00A3B706 /* ViewController.swift in Sources */,
				88D7DF442C5C993F00A3B706 /* AppDelegate.swift in Sources */,
				887D80EB2C5DE98100B4228F /* CategoryDetials.swift in Sources */,
				88D7DF5D2C5C9A7F00A3B706 /* Constant.swift in Sources */,
				887D80ED2C5E0C8500B4228F /* QuestionDetails.swift in Sources */,
				88D7DF662C5C9E0F00A3B706 /* ErrorMessage.swift in Sources */,
				88EB06C22C5CE725003DFFA2 /* QuastionAndAnsViewModel.swift in Sources */,
				88EB06BE2C5CE6D0003DFFA2 /* QuationAndAnsViewController.swift in Sources */,
				887D80F32C5E5EC200B4228F /* ChoiceAnsDBE+CoreDataProperties.swift in Sources */,
				88EB06C02C5CE6F8003DFFA2 /* QuestionAndAnsTableViewCell.swift in Sources */,
				88EB06A82C5CA49A003DFFA2 /* SuccessModel.swift in Sources */,
				887D80E82C5DE86F00B4228F /* QuestionsDBE+CoreDataClass.swift in Sources */,
				88EB06B52C5CDBD0003DFFA2 /* CategoryListViewController.swift in Sources */,
				88CAE3A92C5D1EBE009D7DF8 /* EndSectionViewController.swift in Sources */,
				887D80EF2C5E22D700B4228F /* ChoiceAnsDetails.swift in Sources */,
				88D7DF612C5C9B2C00A3B706 /* RegisterViewController.swift in Sources */,
				887D80F22C5E5EC200B4228F /* ChoiceAnsDBE+CoreDataClass.swift in Sources */,
				88EB06B22C5CD1EB003DFFA2 /* StartSectionView.swift in Sources */,
				88EB06B92C5CDE0D003DFFA2 /* CategoryListViewModel.swift in Sources */,
				887D80E52C5DE86F00B4228F /* CategoryDBE+CoreDataProperties.swift in Sources */,
				88D7DF462C5C993F00A3B706 /* SceneDelegate.swift in Sources */,
				88EB06AA2C5CAAC8003DFFA2 /* LoginViewModel.swift in Sources */,
				88EB06C42C5CE73C003DFFA2 /* QuestionAndAnsModel.swift in Sources */,
				88D7DF4E2C5C993F00A3B706 /* TendableTest2.xcdatamodeld in Sources */,
			);
			runOnlyForDeploymentPostprocessing = 0;
		};
/* End PBXSourcesBuildPhase section */

/* Begin PBXVariantGroup section */
		88D7DF492C5C993F00A3B706 /* Main.storyboard */ = {
			isa = PBXVariantGroup;
			children = (
				88D7DF4A2C5C993F00A3B706 /* Base */,
			);
			name = Main.storyboard;
			sourceTree = "<group>";
		};
		88D7DF512C5C994200A3B706 /* LaunchScreen.storyboard */ = {
			isa = PBXVariantGroup;
			children = (
				88D7DF522C5C994200A3B706 /* Base */,
			);
			name = LaunchScreen.storyboard;
			sourceTree = "<group>";
		};
/* End PBXVariantGroup section */

/* Begin XCBuildConfiguration section */
		88D7DF552C5C994200A3B706 /* Debug */ = {
			isa = XCBuildConfiguration;
			buildSettings = {
				ALWAYS_SEARCH_USER_PATHS = NO;
				CLANG_ANALYZER_NONNULL = YES;
				CLANG_ANALYZER_NUMBER_OBJECT_CONVERSION = YES_AGGRESSIVE;
				CLANG_CXX_LANGUAGE_STANDARD = "gnu++17";
				CLANG_ENABLE_MODULES = YES;
				CLANG_ENABLE_OBJC_ARC = YES;
				CLANG_ENABLE_OBJC_WEAK = YES;
				CLANG_WARN_BLOCK_CAPTURE_AUTORELEASING = YES;
				CLANG_WARN_BOOL_CONVERSION = YES;
				CLANG_WARN_COMMA = YES;
				CLANG_WARN_CONSTANT_CONVERSION = YES;
				CLANG_WARN_DEPRECATED_OBJC_IMPLEMENTATIONS = YES;
				CLANG_WARN_DIRECT_OBJC_ISA_USAGE = YES_ERROR;
				CLANG_WARN_DOCUMENTATION_COMMENTS = YES;
				CLANG_WARN_EMPTY_BODY = YES;
				CLANG_WARN_ENUM_CONVERSION = YES;
				CLANG_WARN_INFINITE_RECURSION = YES;
				CLANG_WARN_INT_CONVERSION = YES;
				CLANG_WARN_NON_LITERAL_NULL_CONVERSION = YES;
				CLANG_WARN_OBJC_IMPLICIT_RETAIN_SELF = YES;
				CLANG_WARN_OBJC_LITERAL_CONVERSION = YES;
				CLANG_WARN_OBJC_ROOT_CLASS = YES_ERROR;
				CLANG_WARN_QUOTED_INCLUDE_IN_FRAMEWORK_HEADER = YES;
				CLANG_WARN_RANGE_LOOP_ANALYSIS = YES;
				CLANG_WARN_STRICT_PROTOTYPES = YES;
				CLANG_WARN_SUSPICIOUS_MOVE = YES;
				CLANG_WARN_UNGUARDED_AVAILABILITY = YES_AGGRESSIVE;
				CLANG_WARN_UNREACHABLE_CODE = YES;
				CLANG_WARN__DUPLICATE_METHOD_MATCH = YES;
				COPY_PHASE_STRIP = NO;
				DEBUG_INFORMATION_FORMAT = dwarf;
				ENABLE_STRICT_OBJC_MSGSEND = YES;
				ENABLE_TESTABILITY = YES;
				GCC_C_LANGUAGE_STANDARD = gnu11;
				GCC_DYNAMIC_NO_PIC = NO;
				GCC_NO_COMMON_BLOCKS = YES;
				GCC_OPTIMIZATION_LEVEL = 0;
				GCC_PREPROCESSOR_DEFINITIONS = (
					"DEBUG=1",
					"$(inherited)",
				);
				GCC_WARN_64_TO_32_BIT_CONVERSION = YES;
				GCC_WARN_ABOUT_RETURN_TYPE = YES_ERROR;
				GCC_WARN_UNDECLARED_SELECTOR = YES;
				GCC_WARN_UNINITIALIZED_AUTOS = YES_AGGRESSIVE;
				GCC_WARN_UNUSED_FUNCTION = YES;
				GCC_WARN_UNUSED_VARIABLE = YES;
				IPHONEOS_DEPLOYMENT_TARGET = 15.5;
				MTL_ENABLE_DEBUG_INFO = INCLUDE_SOURCE;
				MTL_FAST_MATH = YES;
				ONLY_ACTIVE_ARCH = YES;
				SDKROOT = iphoneos;
				SWIFT_ACTIVE_COMPILATION_CONDITIONS = DEBUG;
				SWIFT_OPTIMIZATION_LEVEL = "-Onone";
			};
			name = Debug;
		};
		88D7DF562C5C994200A3B706 /* Release */ = {
			isa = XCBuildConfiguration;
			buildSettings = {
				ALWAYS_SEARCH_USER_PATHS = NO;
				CLANG_ANALYZER_NONNULL = YES;
				CLANG_ANALYZER_NUMBER_OBJECT_CONVERSION = YES_AGGRESSIVE;
				CLANG_CXX_LANGUAGE_STANDARD = "gnu++17";
				CLANG_ENABLE_MODULES = YES;
				CLANG_ENABLE_OBJC_ARC = YES;
				CLANG_ENABLE_OBJC_WEAK = YES;
				CLANG_WARN_BLOCK_CAPTURE_AUTORELEASING = YES;
				CLANG_WARN_BOOL_CONVERSION = YES;
				CLANG_WARN_COMMA = YES;
				CLANG_WARN_CONSTANT_CONVERSION = YES;
				CLANG_WARN_DEPRECATED_OBJC_IMPLEMENTATIONS = YES;
				CLANG_WARN_DIRECT_OBJC_ISA_USAGE = YES_ERROR;
				CLANG_WARN_DOCUMENTATION_COMMENTS = YES;
				CLANG_WARN_EMPTY_BODY = YES;
				CLANG_WARN_ENUM_CONVERSION = YES;
				CLANG_WARN_INFINITE_RECURSION = YES;
				CLANG_WARN_INT_CONVERSION = YES;
				CLANG_WARN_NON_LITERAL_NULL_CONVERSION = YES;
				CLANG_WARN_OBJC_IMPLICIT_RETAIN_SELF = YES;
				CLANG_WARN_OBJC_LITERAL_CONVERSION = YES;
				CLANG_WARN_OBJC_ROOT_CLASS = YES_ERROR;
				CLANG_WARN_QUOTED_INCLUDE_IN_FRAMEWORK_HEADER = YES;
				CLANG_WARN_RANGE_LOOP_ANALYSIS = YES;
				CLANG_WARN_STRICT_PROTOTYPES = YES;
				CLANG_WARN_SUSPICIOUS_MOVE = YES;
				CLANG_WARN_UNGUARDED_AVAILABILITY = YES_AGGRESSIVE;
				CLANG_WARN_UNREACHABLE_CODE = YES;
				CLANG_WARN__DUPLICATE_METHOD_MATCH = YES;
				COPY_PHASE_STRIP = NO;
				DEBUG_INFORMATION_FORMAT = "dwarf-with-dsym";
				ENABLE_NS_ASSERTIONS = NO;
				ENABLE_STRICT_OBJC_MSGSEND = YES;
				GCC_C_LANGUAGE_STANDARD = gnu11;
				GCC_NO_COMMON_BLOCKS = YES;
				GCC_WARN_64_TO_32_BIT_CONVERSION = YES;
				GCC_WARN_ABOUT_RETURN_TYPE = YES_ERROR;
				GCC_WARN_UNDECLARED_SELECTOR = YES;
				GCC_WARN_UNINITIALIZED_AUTOS = YES_AGGRESSIVE;
				GCC_WARN_UNUSED_FUNCTION = YES;
				GCC_WARN_UNUSED_VARIABLE = YES;
				IPHONEOS_DEPLOYMENT_TARGET = 15.5;
				MTL_ENABLE_DEBUG_INFO = NO;
				MTL_FAST_MATH = YES;
				SDKROOT = iphoneos;
				SWIFT_COMPILATION_MODE = wholemodule;
				SWIFT_OPTIMIZATION_LEVEL = "-O";
				VALIDATE_PRODUCT = YES;
			};
			name = Release;
		};
		88D7DF582C5C994200A3B706 /* Debug */ = {
			isa = XCBuildConfiguration;
			buildSettings = {
				ASSETCATALOG_COMPILER_APPICON_NAME = AppIcon;
				ASSETCATALOG_COMPILER_GLOBAL_ACCENT_COLOR_NAME = AccentColor;
				CODE_SIGN_STYLE = Automatic;
				CURRENT_PROJECT_VERSION = 1;
				DEVELOPMENT_TEAM = JAC5BA3SM4;
				GENERATE_INFOPLIST_FILE = YES;
				INFOPLIST_FILE = TendableTest2/Info.plist;
				INFOPLIST_KEY_UIApplicationSupportsIndirectInputEvents = YES;
				INFOPLIST_KEY_UILaunchStoryboardName = LaunchScreen;
				INFOPLIST_KEY_UIMainStoryboardFile = Main;
				INFOPLIST_KEY_UISupportedInterfaceOrientations_iPad = "UIInterfaceOrientationPortrait UIInterfaceOrientationPortraitUpsideDown UIInterfaceOrientationLandscapeLeft UIInterfaceOrientationLandscapeRight";
				INFOPLIST_KEY_UISupportedInterfaceOrientations_iPhone = "UIInterfaceOrientationPortrait UIInterfaceOrientationLandscapeLeft UIInterfaceOrientationLandscapeRight";
				LD_RUNPATH_SEARCH_PATHS = (
					"$(inherited)",
					"@executable_path/Frameworks",
				);
				MARKETING_VERSION = 1.0;
				PRODUCT_BUNDLE_IDENTIFIER = com.devang.TendableTest2;
				PRODUCT_NAME = "$(TARGET_NAME)";
				SWIFT_EMIT_LOC_STRINGS = YES;
				SWIFT_VERSION = 5.0;
				TARGETED_DEVICE_FAMILY = "1,2";
			};
			name = Debug;
		};
		88D7DF592C5C994200A3B706 /* Release */ = {
			isa = XCBuildConfiguration;
			buildSettings = {
				ASSETCATALOG_COMPILER_APPICON_NAME = AppIcon;
				ASSETCATALOG_COMPILER_GLOBAL_ACCENT_COLOR_NAME = AccentColor;
				CODE_SIGN_STYLE = Automatic;
				CURRENT_PROJECT_VERSION = 1;
				DEVELOPMENT_TEAM = JAC5BA3SM4;
				GENERATE_INFOPLIST_FILE = YES;
				INFOPLIST_FILE = TendableTest2/Info.plist;
				INFOPLIST_KEY_UIApplicationSupportsIndirectInputEvents = YES;
				INFOPLIST_KEY_UILaunchStoryboardName = LaunchScreen;
				INFOPLIST_KEY_UIMainStoryboardFile = Main;
				INFOPLIST_KEY_UISupportedInterfaceOrientations_iPad = "UIInterfaceOrientationPortrait UIInterfaceOrientationPortraitUpsideDown UIInterfaceOrientationLandscapeLeft UIInterfaceOrientationLandscapeRight";
				INFOPLIST_KEY_UISupportedInterfaceOrientations_iPhone = "UIInterfaceOrientationPortrait UIInterfaceOrientationLandscapeLeft UIInterfaceOrientationLandscapeRight";
				LD_RUNPATH_SEARCH_PATHS = (
					"$(inherited)",
					"@executable_path/Frameworks",
				);
				MARKETING_VERSION = 1.0;
				PRODUCT_BUNDLE_IDENTIFIER = com.devang.TendableTest2;
				PRODUCT_NAME = "$(TARGET_NAME)";
				SWIFT_EMIT_LOC_STRINGS = YES;
				SWIFT_VERSION = 5.0;
				TARGETED_DEVICE_FAMILY = "1,2";
			};
			name = Release;
		};
/* End XCBuildConfiguration section */

/* Begin XCConfigurationList section */
		88D7DF3B2C5C993F00A3B706 /* Build configuration list for PBXProject "TendableTest2" */ = {
			isa = XCConfigurationList;
			buildConfigurations = (
				88D7DF552C5C994200A3B706 /* Debug */,
				88D7DF562C5C994200A3B706 /* Release */,
			);
			defaultConfigurationIsVisible = 0;
			defaultConfigurationName = Release;
		};
		88D7DF572C5C994200A3B706 /* Build configuration list for PBXNativeTarget "TendableTest2" */ = {
			isa = XCConfigurationList;
			buildConfigurations = (
				88D7DF582C5C994200A3B706 /* Debug */,
				88D7DF592C5C994200A3B706 /* Release */,
			);
			defaultConfigurationIsVisible = 0;
			defaultConfigurationName = Release;
		};
/* End XCConfigurationList section */

/* Begin XCVersionGroup section */
		88D7DF4C2C5C993F00A3B706 /* TendableTest2.xcdatamodeld */ = {
			isa = XCVersionGroup;
			children = (
				88D7DF4D2C5C993F00A3B706 /* TendableTest2.xcdatamodel */,
			);
			currentVersion = 88D7DF4D2C5C993F00A3B706 /* TendableTest2.xcdatamodel */;
			path = TendableTest2.xcdatamodeld;
			sourceTree = "<group>";
			versionGroupType = wrapper.xcdatamodel;
		};
/* End XCVersionGroup section */
	};
	rootObject = 88D7DF382C5C993F00A3B706 /* Project object */;
}
